{
  "name": "ngx-tui-calendar",
  "version": "0.0.1",
  "lockfileVersion": 1,
  "requires": true,
  "dependencies": {
    "jquery": {
      "version": "1.12.4",
      "resolved": "https://registry.npmjs.org/jquery/-/jquery-1.12.4.tgz",
      "integrity": "sha1-AeHfuikP5z3rp3zurLD5ui/sngw="
    },
    "tui-calendar": {
      "version": "1.1.0",
      "resolved": "https://registry.npmjs.org/tui-calendar/-/tui-calendar-1.1.0.tgz",
      "integrity": "sha512-wP+WNKQgeAZUukdmYGNTOjdPO/71ltROl9VRlzI0rm5GxW9OIFqhz8mHY9Lt0s6fp6hdm0uchENVTPTR3dIHsw==",
      "requires": {
        "tui-code-snippet": "1.4.0",
        "tui-date-picker": "3.0.0",
        "tui-time-picker": "1.3.0"
      }
    },
    "tui-code-snippet": {
      "version": "1.4.0",
      "resolved": "https://registry.npmjs.org/tui-code-snippet/-/tui-code-snippet-1.4.0.tgz",
      "integrity": "sha512-a7XzHRbRDi6Tt4lGcopq6ctQjVrzmnw9JMoTFqur5gczgtw5tmgUqXHjg8D9IonDkzZNq5gYLhkzykx4fmn+GA=="
    },
    "tui-date-picker": {
      "version": "3.0.0",
      "resolved": "https://registry.npmjs.org/tui-date-picker/-/tui-date-picker-3.0.0.tgz",
      "integrity": "sha1-nNL5jL+4iG6F8Fi+gizgHK4moWM=",
      "requires": {
        "jquery": "1.12.4",
        "tui-code-snippet": "1.4.0",
        "tui-time-picker": "1.3.0"
      }
    },
    "tui-time-picker": {
      "version": "1.3.0",
      "resolved": "https://registry.npmjs.org/tui-time-picker/-/tui-time-picker-1.3.0.tgz",
      "integrity": "sha512-pDx0+Y60fI1XxNs5c9sRZ/6qcpaAQ5XxDIuc8VQ7qUsl51a9GaUik/lpJi+5eNOQLgIQ7Vu/DoT7ZU2A0zF1xg==",
      "requires": {
        "jquery": "1.12.4",
        "tui-code-snippet": "1.4.0"
      }
    }
  }
}
