# THIS IS AN AUTOGENERATED FILE. DO NOT EDIT THIS FILE DIRECTLY.
# yarn lockfile v1


jquery@^1.11.0:
  version "1.12.4"
  resolved "https://registry.yarnpkg.com/jquery/-/jquery-1.12.4.tgz#01e1dfba290fe73deba77ceeacb0f9ba2fec9e0c"

tui-calendar@^1.6.0:
  version "1.6.0"
  resolved "https://registry.yarnpkg.com/tui-calendar/-/tui-calendar-1.6.0.tgz#9a3e7bfd380c7828f541840406b95ee71c79ad0b"
  dependencies:
    tui-code-snippet "^1.4.0"
    tui-date-picker "~3.0.0"
    tui-time-picker "^1.4.0"

tui-code-snippet@^1.2.5, tui-code-snippet@^1.3.0, tui-code-snippet@^1.4.0:
  version "1.4.0"
  resolved "https://registry.yarnpkg.com/tui-code-snippet/-/tui-code-snippet-1.4.0.tgz#b09bb8e621e382af23024363d5763f9be44412b4"

tui-date-picker@~3.0.0:
  version "3.0.0"
  resolved "https://registry.yarnpkg.com/tui-date-picker/-/tui-date-picker-3.0.0.tgz#9cd2f98cbfb8886e85f058be822ce01cae26a163"
  dependencies:
    jquery "^1.11.0"
    tui-code-snippet "^1.2.5"
    tui-time-picker "^1.0.0"

tui-time-picker@^1.0.0, tui-time-picker@^1.4.0:
  version "1.4.0"
  resolved "https://registry.yarnpkg.com/tui-time-picker/-/tui-time-picker-1.4.0.tgz#02874025a5fa55a70d3832dc2a60c45b5e62e001"
  dependencies:
    jquery "^1.11.0"
    tui-code-snippet "^1.3.0"
